
Microsoft Visual Studio Solution File, Format Version 12.00
# Visual Studio 15
VisualStudioVersion = 15.0.27130.2010
MinimumVisualStudioVersion = 10.0.40219.1
Project("{FAE04EC0-301F-11D3-BF4B-00C04F79EFBC}") = "PS4Macro.PES2017", "PS4Macro.PES2017\PS4Macro.PES2017.csproj", "{6ED8AE13-80E7-4D39-93F2-41889975A8A1}"
EndProject
Global
	GlobalSection(SolutionConfigurationPlatforms) = preSolution
		Debug|Any CPU = Debug|Any CPU
		Release|Any CPU = Release|Any CPU
	EndGlobalSection
	GlobalSection(ProjectConfigurationPlatforms) = postSolution
		{6ED8AE13-80E7-4D39-93F2-41889975A8A1}.Debug|Any CPU.ActiveCfg = Debug|Any CPU
		{6ED8AE13-80E7-4D39-93F2-41889975A8A1}.Debug|Any CPU.Build.0 = Debug|Any CPU
		{6ED8AE13-80E7-4D39-93F2-41889975A8A1}.Release|Any CPU.ActiveCfg = Release|Any CPU
		{6ED8AE13-80E7-4D39-93F2-41889975A8A1}.Release|Any CPU.Build.0 = Release|Any CPU
	EndGlobalSection
	GlobalSection(SolutionProperties) = preSolution
		HideSolutionNode = FALSE
	EndGlobalSection
	GlobalSection(ExtensibilityGlobals) = postSolution
		SolutionGuid = {10534F20-2F8D-4B80-8146-EEF433C7DFF2}
	EndGlobalSection
EndGlobal
